// !$*UTF8*$!
{
	archiveVersion = 1;
	classes = {
	};
	objectVersion = 56;
	objects = {

/* Begin PBXBuildFile section */
		6351A516DBD43A0A373D673C /* Pods_FeiShu_WeChat.framework in Frameworks */ = {isa = PBXBuildFile; fileRef = D6BAE0E8C57ABF4C14CE4DD5 /* Pods_FeiShu_WeChat.framework */; };
		AB2A6D392A6438FC001B4282 /* PublishMomentViewController.m in Sources */ = {isa = PBXBuildFile; fileRef = AB2A6D382A6438FC001B4282 /* PublishMomentViewController.m */; };
		AB2A6D3C2A644ECD001B4282 /* PublishPageView.m in Sources */ = {isa = PBXBuildFile; fileRef = AB2A6D3B2A644ECD001B4282 /* PublishPageView.m */; };
		AB2A6D3F2A65637A001B4282 /* MyTime.m in Sources */ = {isa = PBXBuildFile; fileRef = AB2A6D3E2A65637A001B4282 /* MyTime.m */; };
		AB30E58F2A61353D00B79F9F /* momentsData.plist in Resources */ = {isa = PBXBuildFile; fileRef = AB30E58E2A61353D00B79F9F /* momentsData.plist */; };
		AB30E5922A6137D100B79F9F /* MomentModel.m in Sources */ = {isa = PBXBuildFile; fileRef = AB30E5912A6137D100B79F9F /* MomentModel.m */; };
		AB30E59B2A61454900B79F9F /* MomentTableViewCell.m in Sources */ = {isa = PBXBuildFile; fileRef = AB30E59A2A61454900B79F9F /* MomentTableViewCell.m */; };
		AB30E5A12A62904000B79F9F /* MoreFuncView.m in Sources */ = {isa = PBXBuildFile; fileRef = AB30E5A02A62904000B79F9F /* MoreFuncView.m */; };
		AB34BBC52A57142400320503 /* ChatModel.m in Sources */ = {isa = PBXBuildFile; fileRef = AB34BBC42A57142400320503 /* ChatModel.m */; };
		AB34BBC92A57175700320503 /* chatData.plist in Resources */ = {isa = PBXBuildFile; fileRef = AB34BBC82A57175700320503 /* chatData.plist */; };
		AB34BBCD2A571B9F00320503 /* ChatCell.m in Sources */ = {isa = PBXBuildFile; fileRef = AB34BBCC2A571B9F00320503 /* ChatCell.m */; };
		AB34BBF52A58D7C400320503 /* MeViewController.m in Sources */ = {isa = PBXBuildFile; fileRef = AB34BBF42A58D7C400320503 /* MeViewController.m */; };
		ABA763842A1D9A7000B17333 /* AppDelegate.m in Sources */ = {isa = PBXBuildFile; fileRef = ABA763832A1D9A7000B17333 /* AppDelegate.m */; };
		ABA7638A2A1D9A7000B17333 /* ViewController.m in Sources */ = {isa = PBXBuildFile; fileRef = ABA763892A1D9A7000B17333 /* ViewController.m */; };
		ABA7638F2A1D9A7200B17333 /* Assets.xcassets in Resources */ = {isa = PBXBuildFile; fileRef = ABA7638E2A1D9A7200B17333 /* Assets.xcassets */; };
		ABA763922A1D9A7200B17333 /* LaunchScreen.storyboard in Resources */ = {isa = PBXBuildFile; fileRef = ABA763902A1D9A7200B17333 /* LaunchScreen.storyboard */; };
		ABA763952A1D9A7200B17333 /* main.m in Sources */ = {isa = PBXBuildFile; fileRef = ABA763942A1D9A7200B17333 /* main.m */; };
		ABA7639E2A1D9E1600B17333 /* RegisterView.m in Sources */ = {isa = PBXBuildFile; fileRef = ABA7639D2A1D9E1600B17333 /* RegisterView.m */; };
		ABA763A12A1D9EAA00B17333 /* RegisterViewController.m in Sources */ = {isa = PBXBuildFile; fileRef = ABA763A02A1D9EAA00B17333 /* RegisterViewController.m */; };
		ABA763F32A1F8EA700B17333 /* KeyChainManager.m in Sources */ = {isa = PBXBuildFile; fileRef = ABA763F22A1F8EA700B17333 /* KeyChainManager.m */; };
		ABA764442A25D72100B17333 /* MyTabBarController.m in Sources */ = {isa = PBXBuildFile; fileRef = ABA764432A25D72100B17333 /* MyTabBarController.m */; };
		ABA7644F2A2C7AFD00B17333 /* ContactsViewController.m in Sources */ = {isa = PBXBuildFile; fileRef = ABA7644E2A2C7AFD00B17333 /* ContactsViewController.m */; };
		ABA764522A2C7B1E00B17333 /* TopView.m in Sources */ = {isa = PBXBuildFile; fileRef = ABA764512A2C7B1E00B17333 /* TopView.m */; };
		ABA764552A3188F600B17333 /* StudentDataManager.m in Sources */ = {isa = PBXBuildFile; fileRef = ABA764542A3188F600B17333 /* StudentDataManager.m */; };
		ABA764582A31B2DB00B17333 /* AddContactsViewController.m in Sources */ = {isa = PBXBuildFile; fileRef = ABA764572A31B2DB00B17333 /* AddContactsViewController.m */; };
		ABA7645B2A38484600B17333 /* ContactsModel.m in Sources */ = {isa = PBXBuildFile; fileRef = ABA7645A2A38484600B17333 /* ContactsModel.m */; };
		ABC9E2B42A3AD2CF00192BFC /* SearchCell.m in Sources */ = {isa = PBXBuildFile; fileRef = ABC9E2B32A3AD2CF00192BFC /* SearchCell.m */; };
		ABC9E2B72A3AE42700192BFC /* ContactsCell.m in Sources */ = {isa = PBXBuildFile; fileRef = ABC9E2B62A3AE42700192BFC /* ContactsCell.m */; };
		ABD667D92A4D7C000083E29F /* ChatViewController.m in Sources */ = {isa = PBXBuildFile; fileRef = ABD667D82A4D7C000083E29F /* ChatViewController.m */; };
		ABD667DD2A4D85580083E29F /* MyColors.m in Sources */ = {isa = PBXBuildFile; fileRef = ABD667DC2A4D85580083E29F /* MyColors.m */; };
		ABE1E81B2A5FDB3B004B7B3C /* DiscoverViewController.m in Sources */ = {isa = PBXBuildFile; fileRef = ABE1E81A2A5FDB3B004B7B3C /* DiscoverViewController.m */; };
		ABE1E8202A5FEBC1004B7B3C /* Discover.xcassets in Resources */ = {isa = PBXBuildFile; fileRef = ABE1E81F2A5FEBC1004B7B3C /* Discover.xcassets */; };
/* End PBXBuildFile section */

/* Begin PBXFileReference section */
		9F2466C149BCB63F306DCAE5 /* Pods-FeiShu&WeChat.debug.xcconfig */ = {isa = PBXFileReference; includeInIndex = 1; lastKnownFileType = text.xcconfig; name = "Pods-FeiShu&WeChat.debug.xcconfig"; path = "Target Support Files/Pods-FeiShu&WeChat/Pods-FeiShu&WeChat.debug.xcconfig"; sourceTree = "<group>"; };
		AB2A6D372A6438FC001B4282 /* PublishMomentViewController.h */ = {isa = PBXFileReference; lastKnownFileType = sourcecode.c.h; path = PublishMomentViewController.h; sourceTree = "<group>"; };
		AB2A6D382A6438FC001B4282 /* PublishMomentViewController.m */ = {isa = PBXFileReference; lastKnownFileType = sourcecode.c.objc; path = PublishMomentViewController.m; sourceTree = "<group>"; };
		AB2A6D3A2A644ECD001B4282 /* PublishPageView.h */ = {isa = PBXFileReference; lastKnownFileType = sourcecode.c.h; path = PublishPageView.h; sourceTree = "<group>"; };
		AB2A6D3B2A644ECD001B4282 /* PublishPageView.m */ = {isa = PBXFileReference; lastKnownFileType = sourcecode.c.objc; path = PublishPageView.m; sourceTree = "<group>"; };
		AB2A6D3D2A65637A001B4282 /* MyTime.h */ = {isa = PBXFileReference; lastKnownFileType = sourcecode.c.h; path = MyTime.h; sourceTree = "<group>"; };
		AB2A6D3E2A65637A001B4282 /* MyTime.m */ = {isa = PBXFileReference; lastKnownFileType = sourcecode.c.objc; path = MyTime.m; sourceTree = "<group>"; };
		AB30E58E2A61353D00B79F9F /* momentsData.plist */ = {isa = PBXFileReference; fileEncoding = 4; lastKnownFileType = text.plist.xml; path = momentsData.plist; sourceTree = "<group>"; };
		AB30E5902A6137D100B79F9F /* MomentModel.h */ = {isa = PBXFileReference; lastKnownFileType = sourcecode.c.h; path = MomentModel.h; sourceTree = "<group>"; };
		AB30E5912A6137D100B79F9F /* MomentModel.m */ = {isa = PBXFileReference; lastKnownFileType = sourcecode.c.objc; path = MomentModel.m; sourceTree = "<group>"; };
		AB30E5992A61454900B79F9F /* MomentTableViewCell.h */ = {isa = PBXFileReference; lastKnownFileType = sourcecode.c.h; path = MomentTableViewCell.h; sourceTree = "<group>"; };
		AB30E59A2A61454900B79F9F /* MomentTableViewCell.m */ = {isa = PBXFileReference; lastKnownFileType = sourcecode.c.objc; path = MomentTableViewCell.m; sourceTree = "<group>"; };
		AB30E59F2A62904000B79F9F /* MoreFuncView.h */ = {isa = PBXFileReference; lastKnownFileType = sourcecode.c.h; path = MoreFuncView.h; sourceTree = "<group>"; };
		AB30E5A02A62904000B79F9F /* MoreFuncView.m */ = {isa = PBXFileReference; lastKnownFileType = sourcecode.c.objc; path = MoreFuncView.m; sourceTree = "<group>"; };
		AB34BBC32A57142400320503 /* ChatModel.h */ = {isa = PBXFileReference; lastKnownFileType = sourcecode.c.h; path = ChatModel.h; sourceTree = "<group>"; };
		AB34BBC42A57142400320503 /* ChatModel.m */ = {isa = PBXFileReference; lastKnownFileType = sourcecode.c.objc; path = ChatModel.m; sourceTree = "<group>"; };
		AB34BBC82A57175700320503 /* chatData.plist */ = {isa = PBXFileReference; fileEncoding = 4; lastKnownFileType = text.plist.xml; path = chatData.plist; sourceTree = "<group>"; };
		AB34BBCB2A571B9F00320503 /* ChatCell.h */ = {isa = PBXFileReference; lastKnownFileType = sourcecode.c.h; path = ChatCell.h; sourceTree = "<group>"; };
		AB34BBCC2A571B9F00320503 /* ChatCell.m */ = {isa = PBXFileReference; lastKnownFileType = sourcecode.c.objc; path = ChatCell.m; sourceTree = "<group>"; };
		AB34BBF32A58D7C400320503 /* MeViewController.h */ = {isa = PBXFileReference; lastKnownFileType = sourcecode.c.h; path = MeViewController.h; sourceTree = "<group>"; };
		AB34BBF42A58D7C400320503 /* MeViewController.m */ = {isa = PBXFileReference; lastKnownFileType = sourcecode.c.objc; path = MeViewController.m; sourceTree = "<group>"; };
		ABA7637F2A1D9A7000B17333 /* FeiShu&WeChat.app */ = {isa = PBXFileReference; explicitFileType = wrapper.application; includeInIndex = 0; path = "FeiShu&WeChat.app"; sourceTree = BUILT_PRODUCTS_DIR; };
		ABA763822A1D9A7000B17333 /* AppDelegate.h */ = {isa = PBXFileReference; lastKnownFileType = sourcecode.c.h; path = AppDelegate.h; sourceTree = "<group>"; };
		ABA763832A1D9A7000B17333 /* AppDelegate.m */ = {isa = PBXFileReference; lastKnownFileType = sourcecode.c.objc; path = AppDelegate.m; sourceTree = "<group>"; };
		ABA763882A1D9A7000B17333 /* ViewController.h */ = {isa = PBXFileReference; lastKnownFileType = sourcecode.c.h; path = ViewController.h; sourceTree = "<group>"; };
		ABA763892A1D9A7000B17333 /* ViewController.m */ = {isa = PBXFileReference; lastKnownFileType = sourcecode.c.objc; path = ViewController.m; sourceTree = "<group>"; };
		ABA7638E2A1D9A7200B17333 /* Assets.xcassets */ = {isa = PBXFileReference; lastKnownFileType = folder.assetcatalog; path = Assets.xcassets; sourceTree = "<group>"; };
		ABA763912A1D9A7200B17333 /* Base */ = {isa = PBXFileReference; lastKnownFileType = file.storyboard; name = Base; path = Base.lproj/LaunchScreen.storyboard; sourceTree = "<group>"; };
		ABA763932A1D9A7200B17333 /* Info.plist */ = {isa = PBXFileReference; lastKnownFileType = text.plist.xml; path = Info.plist; sourceTree = "<group>"; };
		ABA763942A1D9A7200B17333 /* main.m */ = {isa = PBXFileReference; lastKnownFileType = sourcecode.c.objc; path = main.m; sourceTree = "<group>"; };
		ABA7639C2A1D9E1600B17333 /* RegisterView.h */ = {isa = PBXFileReference; lastKnownFileType = sourcecode.c.h; path = RegisterView.h; sourceTree = "<group>"; };
		ABA7639D2A1D9E1600B17333 /* RegisterView.m */ = {isa = PBXFileReference; lastKnownFileType = sourcecode.c.objc; path = RegisterView.m; sourceTree = "<group>"; };
		ABA7639F2A1D9EAA00B17333 /* RegisterViewController.h */ = {isa = PBXFileReference; lastKnownFileType = sourcecode.c.h; path = RegisterViewController.h; sourceTree = "<group>"; };
		ABA763A02A1D9EAA00B17333 /* RegisterViewController.m */ = {isa = PBXFileReference; lastKnownFileType = sourcecode.c.objc; path = RegisterViewController.m; sourceTree = "<group>"; };
		ABA763A22A1EFA0E00B17333 /* FeiShu&WeChat.entitlements */ = {isa = PBXFileReference; lastKnownFileType = text.plist.entitlements; path = "FeiShu&WeChat.entitlements"; sourceTree = "<group>"; };
		ABA763F12A1F8EA700B17333 /* KeyChainManager.h */ = {isa = PBXFileReference; lastKnownFileType = sourcecode.c.h; path = KeyChainManager.h; sourceTree = "<group>"; };
		ABA763F22A1F8EA700B17333 /* KeyChainManager.m */ = {isa = PBXFileReference; lastKnownFileType = sourcecode.c.objc; path = KeyChainManager.m; sourceTree = "<group>"; };
		ABA764422A25D72100B17333 /* MyTabBarController.h */ = {isa = PBXFileReference; lastKnownFileType = sourcecode.c.h; path = MyTabBarController.h; sourceTree = "<group>"; };
		ABA764432A25D72100B17333 /* MyTabBarController.m */ = {isa = PBXFileReference; lastKnownFileType = sourcecode.c.objc; path = MyTabBarController.m; sourceTree = "<group>"; };
		ABA7644D2A2C7AFD00B17333 /* ContactsViewController.h */ = {isa = PBXFileReference; lastKnownFileType = sourcecode.c.h; path = ContactsViewController.h; sourceTree = "<group>"; };
		ABA7644E2A2C7AFD00B17333 /* ContactsViewController.m */ = {isa = PBXFileReference; lastKnownFileType = sourcecode.c.objc; path = ContactsViewController.m; sourceTree = "<group>"; };
		ABA764502A2C7B1E00B17333 /* TopView.h */ = {isa = PBXFileReference; lastKnownFileType = sourcecode.c.h; path = TopView.h; sourceTree = "<group>"; };
		ABA764512A2C7B1E00B17333 /* TopView.m */ = {isa = PBXFileReference; lastKnownFileType = sourcecode.c.objc; path = TopView.m; sourceTree = "<group>"; };
		ABA764532A3188F600B17333 /* StudentDataManager.h */ = {isa = PBXFileReference; lastKnownFileType = sourcecode.c.h; path = StudentDataManager.h; sourceTree = "<group>"; };
		ABA764542A3188F600B17333 /* StudentDataManager.m */ = {isa = PBXFileReference; lastKnownFileType = sourcecode.c.objc; path = StudentDataManager.m; sourceTree = "<group>"; };
		ABA764562A31B2DB00B17333 /* AddContactsViewController.h */ = {isa = PBXFileReference; lastKnownFileType = sourcecode.c.h; path = AddContactsViewController.h; sourceTree = "<group>"; };
		ABA764572A31B2DB00B17333 /* AddContactsViewController.m */ = {isa = PBXFileReference; lastKnownFileType = sourcecode.c.objc; path = AddContactsViewController.m; sourceTree = "<group>"; };
		ABA764592A38484600B17333 /* ContactsModel.h */ = {isa = PBXFileReference; lastKnownFileType = sourcecode.c.h; path = ContactsModel.h; sourceTree = "<group>"; };
		ABA7645A2A38484600B17333 /* ContactsModel.m */ = {isa = PBXFileReference; lastKnownFileType = sourcecode.c.objc; path = ContactsModel.m; sourceTree = "<group>"; };
		ABC9E2B22A3AD2CF00192BFC /* SearchCell.h */ = {isa = PBXFileReference; lastKnownFileType = sourcecode.c.h; path = SearchCell.h; sourceTree = "<group>"; };
		ABC9E2B32A3AD2CF00192BFC /* SearchCell.m */ = {isa = PBXFileReference; lastKnownFileType = sourcecode.c.objc; path = SearchCell.m; sourceTree = "<group>"; };
		ABC9E2B52A3AE42700192BFC /* ContactsCell.h */ = {isa = PBXFileReference; lastKnownFileType = sourcecode.c.h; path = ContactsCell.h; sourceTree = "<group>"; };
		ABC9E2B62A3AE42700192BFC /* ContactsCell.m */ = {isa = PBXFileReference; lastKnownFileType = sourcecode.c.objc; path = ContactsCell.m; sourceTree = "<group>"; };
		ABD667D72A4D7C000083E29F /* ChatViewController.h */ = {isa = PBXFileReference; lastKnownFileType = sourcecode.c.h; path = ChatViewController.h; sourceTree = "<group>"; };
		ABD667D82A4D7C000083E29F /* ChatViewController.m */ = {isa = PBXFileReference; lastKnownFileType = sourcecode.c.objc; path = ChatViewController.m; sourceTree = "<group>"; };
		ABD667DB2A4D85580083E29F /* MyColors.h */ = {isa = PBXFileReference; lastKnownFileType = sourcecode.c.h; path = MyColors.h; sourceTree = "<group>"; };
		ABD667DC2A4D85580083E29F /* MyColors.m */ = {isa = PBXFileReference; lastKnownFileType = sourcecode.c.objc; path = MyColors.m; sourceTree = "<group>"; };
		ABE1E8192A5FDB3B004B7B3C /* DiscoverViewController.h */ = {isa = PBXFileReference; lastKnownFileType = sourcecode.c.h; path = DiscoverViewController.h; sourceTree = "<group>"; };
		ABE1E81A2A5FDB3B004B7B3C /* DiscoverViewController.m */ = {isa = PBXFileReference; lastKnownFileType = sourcecode.c.objc; path = DiscoverViewController.m; sourceTree = "<group>"; };
		ABE1E81F2A5FEBC1004B7B3C /* Discover.xcassets */ = {isa = PBXFileReference; lastKnownFileType = folder.assetcatalog; path = Discover.xcassets; sourceTree = "<group>"; };
		D6BAE0E8C57ABF4C14CE4DD5 /* Pods_FeiShu_WeChat.framework */ = {isa = PBXFileReference; explicitFileType = wrapper.framework; includeInIndex = 0; path = Pods_FeiShu_WeChat.framework; sourceTree = BUILT_PRODUCTS_DIR; };
		EF7444D33F9BA4ED450372A9 /* Pods-FeiShu&WeChat.release.xcconfig */ = {isa = PBXFileReference; includeInIndex = 1; lastKnownFileType = text.xcconfig; name = "Pods-FeiShu&WeChat.release.xcconfig"; path = "Target Support Files/Pods-FeiShu&WeChat/Pods-FeiShu&WeChat.release.xcconfig"; sourceTree = "<group>"; };
/* End PBXFileReference section */

/* Begin PBXFrameworksBuildPhase section */
		ABA7637C2A1D9A7000B17333 /* Frameworks */ = {
			isa = PBXFrameworksBuildPhase;
			buildActionMask = 2147483647;
			files = (
				6351A516DBD43A0A373D673C /* Pods_FeiShu_WeChat.framework in Frameworks */,
			);
			runOnlyForDeploymentPostprocessing = 0;
		};
/* End PBXFrameworksBuildPhase section */

/* Begin PBXGroup section */
		1A19B254CFBB2117FA93AD39 /* Frameworks */ = {
			isa = PBXGroup;
			children = (
				D6BAE0E8C57ABF4C14CE4DD5 /* Pods_FeiShu_WeChat.framework */,
			);
			name = Frameworks;
			sourceTree = "<group>";
		};
		4AA1DD5F1059AA92A7D678AC /* Pods */ = {
			isa = PBXGroup;
			children = (
				9F2466C149BCB63F306DCAE5 /* Pods-FeiShu&WeChat.debug.xcconfig */,
				EF7444D33F9BA4ED450372A9 /* Pods-FeiShu&WeChat.release.xcconfig */,
			);
			path = Pods;
			sourceTree = "<group>";
		};
		AB34BBC12A56A7A500320503 /* VC */ = {
			isa = PBXGroup;
			children = (
				ABD667D72A4D7C000083E29F /* ChatViewController.h */,
				ABD667D82A4D7C000083E29F /* ChatViewController.m */,
			);
			path = VC;
			sourceTree = "<group>";
		};
		AB34BBC22A56A7AD00320503 /* Model */ = {
			isa = PBXGroup;
			children = (
				AB34BBC32A57142400320503 /* ChatModel.h */,
				AB34BBC42A57142400320503 /* ChatModel.m */,
			);
			path = Model;
			sourceTree = "<group>";
		};
		AB34BBCA2A571B4A00320503 /* View */ = {
			isa = PBXGroup;
			children = (
				AB34BBCB2A571B9F00320503 /* ChatCell.h */,
				AB34BBCC2A571B9F00320503 /* ChatCell.m */,
			);
			path = View;
			sourceTree = "<group>";
		};
		ABA763762A1D9A7000B17333 = {
			isa = PBXGroup;
			children = (
				ABA763812A1D9A7000B17333 /* FeiShu&WeChat */,
				ABA763802A1D9A7000B17333 /* Products */,
				4AA1DD5F1059AA92A7D678AC /* Pods */,
				1A19B254CFBB2117FA93AD39 /* Frameworks */,
			);
			sourceTree = "<group>";
		};
		ABA763802A1D9A7000B17333 /* Products */ = {
			isa = PBXGroup;
			children = (
				ABA7637F2A1D9A7000B17333 /* FeiShu&WeChat.app */,
			);
			name = Products;
			sourceTree = "<group>";
		};
		ABA763812A1D9A7000B17333 /* FeiShu&WeChat */ = {
			isa = PBXGroup;
			children = (
				ABA7639B2A1D9DBF00B17333 /* RegisterPage */,
				ABA764192A232D9700B17333 /* MainPage */,
				ABE1E8162A5FD61C004B7B3C /* Data */,
				ABE1E8152A5FD5FB004B7B3C /* Supporting Files */,
				ABD667DA2A4D85370083E29F /* Tool */,
				ABA7645E2A38489900B17333 /* Manager */,
				ABA763A22A1EFA0E00B17333 /* FeiShu&WeChat.entitlements */,
				ABA763932A1D9A7200B17333 /* Info.plist */,
			);
			path = "FeiShu&WeChat";
			sourceTree = "<group>";
		};
		ABA7639B2A1D9DBF00B17333 /* RegisterPage */ = {
			isa = PBXGroup;
			children = (
				ABA7639C2A1D9E1600B17333 /* RegisterView.h */,
				ABA7639D2A1D9E1600B17333 /* RegisterView.m */,
				ABA7639F2A1D9EAA00B17333 /* RegisterViewController.h */,
				ABA763A02A1D9EAA00B17333 /* RegisterViewController.m */,
			);
			path = RegisterPage;
			sourceTree = "<group>";
		};
		ABA764192A232D9700B17333 /* MainPage */ = {
			isa = PBXGroup;
			children = (
				ABA764422A25D72100B17333 /* MyTabBarController.h */,
				ABA764432A25D72100B17333 /* MyTabBarController.m */,
				ABA764502A2C7B1E00B17333 /* TopView.h */,
				ABA764512A2C7B1E00B17333 /* TopView.m */,
				ABA7644C2A2C79D900B17333 /* MePage */,
				ABA7644B2A2C79AA00B17333 /* DiscoverPage */,
				ABA7644A2A2C799F00B17333 /* ContactsPage */,
				ABA764492A2C798700B17333 /* ChatsPage */,
			);
			path = MainPage;
			sourceTree = "<group>";
		};
		ABA764492A2C798700B17333 /* ChatsPage */ = {
			isa = PBXGroup;
			children = (
				AB34BBCA2A571B4A00320503 /* View */,
				AB34BBC22A56A7AD00320503 /* Model */,
				AB34BBC12A56A7A500320503 /* VC */,
			);
			path = ChatsPage;
			sourceTree = "<group>";
		};
		ABA7644A2A2C799F00B17333 /* ContactsPage */ = {
			isa = PBXGroup;
			children = (
				ABC9E2B12A3AD2B000192BFC /* View */,
				ABA7645D2A38487700B17333 /* Model */,
				ABA7645C2A38484F00B17333 /* VC */,
			);
			path = ContactsPage;
			sourceTree = "<group>";
		};
		ABA7644B2A2C79AA00B17333 /* DiscoverPage */ = {
			isa = PBXGroup;
			children = (
				ABE1E8232A5FF435004B7B3C /* Model */,
				ABE1E8222A5FF42F004B7B3C /* View */,
				ABE1E8212A5FF41D004B7B3C /* ViewController */,
				AB30E58E2A61353D00B79F9F /* momentsData.plist */,
				ABE1E81F2A5FEBC1004B7B3C /* Discover.xcassets */,
			);
			path = DiscoverPage;
			sourceTree = "<group>";
		};
		ABA7644C2A2C79D900B17333 /* MePage */ = {
			isa = PBXGroup;
			children = (
				AB34BBF32A58D7C400320503 /* MeViewController.h */,
				AB34BBF42A58D7C400320503 /* MeViewController.m */,
			);
			path = MePage;
			sourceTree = "<group>";
		};
		ABA7645C2A38484F00B17333 /* VC */ = {
			isa = PBXGroup;
			children = (
				ABA7644D2A2C7AFD00B17333 /* ContactsViewController.h */,
				ABA7644E2A2C7AFD00B17333 /* ContactsViewController.m */,
				ABA764562A31B2DB00B17333 /* AddContactsViewController.h */,
				ABA764572A31B2DB00B17333 /* AddContactsViewController.m */,
			);
			path = VC;
			sourceTree = "<group>";
		};
		ABA7645D2A38487700B17333 /* Model */ = {
			isa = PBXGroup;
			children = (
				ABA764592A38484600B17333 /* ContactsModel.h */,
				ABA7645A2A38484600B17333 /* ContactsModel.m */,
			);
			path = Model;
			sourceTree = "<group>";
		};
		ABA7645E2A38489900B17333 /* Manager */ = {
			isa = PBXGroup;
			children = (
				ABA764532A3188F600B17333 /* StudentDataManager.h */,
				ABA764542A3188F600B17333 /* StudentDataManager.m */,
				ABA763F12A1F8EA700B17333 /* KeyChainManager.h */,
				ABA763F22A1F8EA700B17333 /* KeyChainManager.m */,
			);
			path = Manager;
			sourceTree = "<group>";
		};
		ABC9E2B12A3AD2B000192BFC /* View */ = {
			isa = PBXGroup;
			children = (
				ABC9E2B22A3AD2CF00192BFC /* SearchCell.h */,
				ABC9E2B32A3AD2CF00192BFC /* SearchCell.m */,
				ABC9E2B52A3AE42700192BFC /* ContactsCell.h */,
				ABC9E2B62A3AE42700192BFC /* ContactsCell.m */,
			);
			path = View;
			sourceTree = "<group>";
		};
		ABD667DA2A4D85370083E29F /* Tool */ = {
			isa = PBXGroup;
			children = (
				ABD667DB2A4D85580083E29F /* MyColors.h */,
				ABD667DC2A4D85580083E29F /* MyColors.m */,
				AB2A6D3D2A65637A001B4282 /* MyTime.h */,
				AB2A6D3E2A65637A001B4282 /* MyTime.m */,
			);
			path = Tool;
			sourceTree = "<group>";
		};
		ABE1E8152A5FD5FB004B7B3C /* Supporting Files */ = {
			isa = PBXGroup;
			children = (
				ABA763822A1D9A7000B17333 /* AppDelegate.h */,
				ABA763832A1D9A7000B17333 /* AppDelegate.m */,
				ABA763882A1D9A7000B17333 /* ViewController.h */,
				ABA763892A1D9A7000B17333 /* ViewController.m */,
				ABA763902A1D9A7200B17333 /* LaunchScreen.storyboard */,
				ABA763942A1D9A7200B17333 /* main.m */,
			);
			path = "Supporting Files";
			sourceTree = "<group>";
		};
		ABE1E8162A5FD61C004B7B3C /* Data */ = {
			isa = PBXGroup;
			children = (
				ABA7638E2A1D9A7200B17333 /* Assets.xcassets */,
				AB34BBC82A57175700320503 /* chatData.plist */,
			);
			path = Data;
			sourceTree = "<group>";
		};
		ABE1E8212A5FF41D004B7B3C /* ViewController */ = {
			isa = PBXGroup;
			children = (
				ABE1E8192A5FDB3B004B7B3C /* DiscoverViewController.h */,
				ABE1E81A2A5FDB3B004B7B3C /* DiscoverViewController.m */,
				AB2A6D372A6438FC001B4282 /* PublishMomentViewController.h */,
				AB2A6D382A6438FC001B4282 /* PublishMomentViewController.m */,
			);
			path = ViewController;
			sourceTree = "<group>";
		};
		ABE1E8222A5FF42F004B7B3C /* View */ = {
			isa = PBXGroup;
			children = (
				AB30E5992A61454900B79F9F /* MomentTableViewCell.h */,
				AB30E59A2A61454900B79F9F /* MomentTableViewCell.m */,
				AB30E59F2A62904000B79F9F /* MoreFuncView.h */,
				AB30E5A02A62904000B79F9F /* MoreFuncView.m */,
				AB2A6D3A2A644ECD001B4282 /* PublishPageView.h */,
				AB2A6D3B2A644ECD001B4282 /* PublishPageView.m */,
			);
			path = View;
			sourceTree = "<group>";
		};
		ABE1E8232A5FF435004B7B3C /* Model */ = {
			isa = PBXGroup;
			children = (
				AB30E5902A6137D100B79F9F /* MomentModel.h */,
				AB30E5912A6137D100B79F9F /* MomentModel.m */,
			);
			path = Model;
			sourceTree = "<group>";
		};
/* End PBXGroup section */

/* Begin PBXNativeTarget section */
		ABA7637E2A1D9A7000B17333 /* FeiShu&WeChat */ = {
			isa = PBXNativeTarget;
			buildConfigurationList = ABA763982A1D9A7200B17333 /* Build configuration list for PBXNativeTarget "FeiShu&WeChat" */;
			buildPhases = (
				4E76100FABB14792AE876A6B /* [CP] Check Pods Manifest.lock */,
				ABA7637B2A1D9A7000B17333 /* Sources */,
				ABA7637C2A1D9A7000B17333 /* Frameworks */,
				ABA7637D2A1D9A7000B17333 /* Resources */,
				ACDDCF8E1273F28FF908CAEA /* [CP] Embed Pods Frameworks */,
			);
			buildRules = (
			);
			dependencies = (
			);
			name = "FeiShu&WeChat";
			productName = "FeiShu&WeChat";
			productReference = ABA7637F2A1D9A7000B17333 /* FeiShu&WeChat.app */;
			productType = "com.apple.product-type.application";
		};
/* End PBXNativeTarget section */

/* Begin PBXProject section */
		ABA763772A1D9A7000B17333 /* Project object */ = {
			isa = PBXProject;
			attributes = {
				BuildIndependentTargetsInParallel = 1;
				LastUpgradeCheck = 1420;
				TargetAttributes = {
					ABA7637E2A1D9A7000B17333 = {
						CreatedOnToolsVersion = 14.2;
					};
				};
			};
			buildConfigurationList = ABA7637A2A1D9A7000B17333 /* Build configuration list for PBXProject "FeiShu&WeChat" */;
			compatibilityVersion = "Xcode 14.0";
			developmentRegion = en;
			hasScannedForEncodings = 0;
			knownRegions = (
				en,
				Base,
			);
			mainGroup = ABA763762A1D9A7000B17333;
			productRefGroup = ABA763802A1D9A7000B17333 /* Products */;
			projectDirPath = "";
			projectRoot = "";
			targets = (
				ABA7637E2A1D9A7000B17333 /* FeiShu&WeChat */,
			);
		};
/* End PBXProject section */

/* Begin PBXResourcesBuildPhase section */
		ABA7637D2A1D9A7000B17333 /* Resources */ = {
			isa = PBXResourcesBuildPhase;
			buildActionMask = 2147483647;
			files = (
				ABE1E8202A5FEBC1004B7B3C /* Discover.xcassets in Resources */,
				ABA763922A1D9A7200B17333 /* LaunchScreen.storyboard in Resources */,
				AB30E58F2A61353D00B79F9F /* momentsData.plist in Resources */,
				AB34BBC92A57175700320503 /* chatData.plist in Resources */,
				ABA7638F2A1D9A7200B17333 /* Assets.xcassets in Resources */,
			);
			runOnlyForDeploymentPostprocessing = 0;
		};
/* End PBXResourcesBuildPhase section */

/* Begin PBXShellScriptBuildPhase section */
		4E76100FABB14792AE876A6B /* [CP] Check Pods Manifest.lock */ = {
			isa = PBXShellScriptBuildPhase;
			buildActionMask = 2147483647;
			files = (
			);
			inputFileListPaths = (
			);
			inputPaths = (
				"${PODS_PODFILE_DIR_PATH}/Podfile.lock",
				"${PODS_ROOT}/Manifest.lock",
			);
			name = "[CP] Check Pods Manifest.lock";
			outputFileListPaths = (
			);
			outputPaths = (
				"$(DERIVED_FILE_DIR)/Pods-FeiShu&WeChat-checkManifestLockResult.txt",
			);
			runOnlyForDeploymentPostprocessing = 0;
			shellPath = /bin/sh;
			shellScript = "diff \"${PODS_PODFILE_DIR_PATH}/Podfile.lock\" \"${PODS_ROOT}/Manifest.lock\" > /dev/null\nif [ $? != 0 ] ; then\n    # print error to STDERR\n    echo \"error: The sandbox is not in sync with the Podfile.lock. Run 'pod install' or update your CocoaPods installation.\" >&2\n    exit 1\nfi\n# This output is used by Xcode 'outputs' to avoid re-running this script phase.\necho \"SUCCESS\" > \"${SCRIPT_OUTPUT_FILE_0}\"\n";
			showEnvVarsInLog = 0;
		};
		ACDDCF8E1273F28FF908CAEA /* [CP] Embed Pods Frameworks */ = {
			isa = PBXShellScriptBuildPhase;
			buildActionMask = 2147483647;
			files = (
			);
			inputFileListPaths = (
				"${PODS_ROOT}/Target Support Files/Pods-FeiShu&WeChat/Pods-FeiShu&WeChat-frameworks-${CONFIGURATION}-input-files.xcfilelist",
			);
			name = "[CP] Embed Pods Frameworks";
			outputFileListPaths = (
				"${PODS_ROOT}/Target Support Files/Pods-FeiShu&WeChat/Pods-FeiShu&WeChat-frameworks-${CONFIGURATION}-output-files.xcfilelist",
			);
			runOnlyForDeploymentPostprocessing = 0;
			shellPath = /bin/sh;
			shellScript = "\"${PODS_ROOT}/Target Support Files/Pods-FeiShu&WeChat/Pods-FeiShu&WeChat-frameworks.sh\"\n";
			showEnvVarsInLog = 0;
		};
/* End PBXShellScriptBuildPhase section */

/* Begin PBXSourcesBuildPhase section */
		ABA7637B2A1D9A7000B17333 /* Sources */ = {
			isa = PBXSourcesBuildPhase;
			buildActionMask = 2147483647;
			files = (
				ABA763A12A1D9EAA00B17333 /* RegisterViewController.m in Sources */,
				ABA764552A3188F600B17333 /* StudentDataManager.m in Sources */,
				ABD667D92A4D7C000083E29F /* ChatViewController.m in Sources */,
				AB34BBCD2A571B9F00320503 /* ChatCell.m in Sources */,
				ABC9E2B72A3AE42700192BFC /* ContactsCell.m in Sources */,
				AB30E5922A6137D100B79F9F /* MomentModel.m in Sources */,
				ABE1E81B2A5FDB3B004B7B3C /* DiscoverViewController.m in Sources */,
				ABA7645B2A38484600B17333 /* ContactsModel.m in Sources */,
				ABA764582A31B2DB00B17333 /* AddContactsViewController.m in Sources */,
				ABA764522A2C7B1E00B17333 /* TopView.m in Sources */,
				AB2A6D3C2A644ECD001B4282 /* PublishPageView.m in Sources */,
				AB30E5A12A62904000B79F9F /* MoreFuncView.m in Sources */,
				ABA7644F2A2C7AFD00B17333 /* ContactsViewController.m in Sources */,
				ABC9E2B42A3AD2CF00192BFC /* SearchCell.m in Sources */,
				AB2A6D3F2A65637A001B4282 /* MyTime.m in Sources */,
				ABA7638A2A1D9A7000B17333 /* ViewController.m in Sources */,
				AB2A6D392A6438FC001B4282 /* PublishMomentViewController.m in Sources */,
				ABA7639E2A1D9E1600B17333 /* RegisterView.m in Sources */,
				ABA763F32A1F8EA700B17333 /* KeyChainManager.m in Sources */,
				AB34BBF52A58D7C400320503 /* MeViewController.m in Sources */,
				AB34BBC52A57142400320503 /* ChatModel.m in Sources */,
				ABA764442A25D72100B17333 /* MyTabBarController.m in Sources */,
				ABD667DD2A4D85580083E29F /* MyColors.m in Sources */,
				AB30E59B2A61454900B79F9F /* MomentTableViewCell.m in Sources */,
				ABA763842A1D9A7000B17333 /* AppDelegate.m in Sources */,
				ABA763952A1D9A7200B17333 /* main.m in Sources */,
			);
			runOnlyForDeploymentPostprocessing = 0;
		};
/* End PBXSourcesBuildPhase section */

/* Begin PBXVariantGroup section */
		ABA763902A1D9A7200B17333 /* LaunchScreen.storyboard */ = {
			isa = PBXVariantGroup;
			children = (
				ABA763912A1D9A7200B17333 /* Base */,
			);
			name = LaunchScreen.storyboard;
			sourceTree = "<group>";
		};
/* End PBXVariantGroup section */

/* Begin XCBuildConfiguration section */
		ABA763962A1D9A7200B17333 /* Debug */ = {
			isa = XCBuildConfiguration;
			buildSettings = {
				ALWAYS_SEARCH_USER_PATHS = NO;
				CLANG_ANALYZER_NONNULL = YES;
				CLANG_ANALYZER_NUMBER_OBJECT_CONVERSION = YES_AGGRESSIVE;
				CLANG_CXX_LANGUAGE_STANDARD = "gnu++20";
				CLANG_ENABLE_MODULES = YES;
				CLANG_ENABLE_OBJC_ARC = YES;
				CLANG_ENABLE_OBJC_WEAK = YES;
				CLANG_WARN_BLOCK_CAPTURE_AUTORELEASING = YES;
				CLANG_WARN_BOOL_CONVERSION = YES;
				CLANG_WARN_COMMA = YES;
				CLANG_WARN_CONSTANT_CONVERSION = YES;
				CLANG_WARN_DEPRECATED_OBJC_IMPLEMENTATIONS = YES;
				CLANG_WARN_DIRECT_OBJC_ISA_USAGE = YES_ERROR;
				CLANG_WARN_DOCUMENTATION_COMMENTS = YES;
				CLANG_WARN_EMPTY_BODY = YES;
				CLANG_WARN_ENUM_CONVERSION = YES;
				CLANG_WARN_INFINITE_RECURSION = YES;
				CLANG_WARN_INT_CONVERSION = YES;
				CLANG_WARN_NON_LITERAL_NULL_CONVERSION = YES;
				CLANG_WARN_OBJC_IMPLICIT_RETAIN_SELF = YES;
				CLANG_WARN_OBJC_LITERAL_CONVERSION = YES;
				CLANG_WARN_OBJC_ROOT_CLASS = YES_ERROR;
				CLANG_WARN_QUOTED_INCLUDE_IN_FRAMEWORK_HEADER = YES;
				CLANG_WARN_RANGE_LOOP_ANALYSIS = YES;
				CLANG_WARN_STRICT_PROTOTYPES = YES;
				CLANG_WARN_SUSPICIOUS_MOVE = YES;
				CLANG_WARN_UNGUARDED_AVAILABILITY = YES_AGGRESSIVE;
				CLANG_WARN_UNREACHABLE_CODE = YES;
				CLANG_WARN__DUPLICATE_METHOD_MATCH = YES;
				COPY_PHASE_STRIP = NO;
				DEBUG_INFORMATION_FORMAT = dwarf;
				ENABLE_STRICT_OBJC_MSGSEND = YES;
				ENABLE_TESTABILITY = YES;
				GCC_C_LANGUAGE_STANDARD = gnu11;
				GCC_DYNAMIC_NO_PIC = NO;
				GCC_NO_COMMON_BLOCKS = YES;
				GCC_OPTIMIZATION_LEVEL = 0;
				GCC_PREPROCESSOR_DEFINITIONS = (
					"DEBUG=1",
					"$(inherited)",
				);
				GCC_WARN_64_TO_32_BIT_CONVERSION = YES;
				GCC_WARN_ABOUT_RETURN_TYPE = YES_ERROR;
				GCC_WARN_UNDECLARED_SELECTOR = YES;
				GCC_WARN_UNINITIALIZED_AUTOS = YES_AGGRESSIVE;
				GCC_WARN_UNUSED_FUNCTION = YES;
				GCC_WARN_UNUSED_VARIABLE = YES;
				IPHONEOS_DEPLOYMENT_TARGET = 16.2;
				MTL_ENABLE_DEBUG_INFO = INCLUDE_SOURCE;
				MTL_FAST_MATH = YES;
				ONLY_ACTIVE_ARCH = YES;
				SDKROOT = iphoneos;
			};
			name = Debug;
		};
		ABA763972A1D9A7200B17333 /* Release */ = {
			isa = XCBuildConfiguration;
			buildSettings = {
				ALWAYS_SEARCH_USER_PATHS = NO;
				CLANG_ANALYZER_NONNULL = YES;
				CLANG_ANALYZER_NUMBER_OBJECT_CONVERSION = YES_AGGRESSIVE;
				CLANG_CXX_LANGUAGE_STANDARD = "gnu++20";
				CLANG_ENABLE_MODULES = YES;
				CLANG_ENABLE_OBJC_ARC = YES;
				CLANG_ENABLE_OBJC_WEAK = YES;
				CLANG_WARN_BLOCK_CAPTURE_AUTORELEASING = YES;
				CLANG_WARN_BOOL_CONVERSION = YES;
				CLANG_WARN_COMMA = YES;
				CLANG_WARN_CONSTANT_CONVERSION = YES;
				CLANG_WARN_DEPRECATED_OBJC_IMPLEMENTATIONS = YES;
				CLANG_WARN_DIRECT_OBJC_ISA_USAGE = YES_ERROR;
				CLANG_WARN_DOCUMENTATION_COMMENTS = YES;
				CLANG_WARN_EMPTY_BODY = YES;
				CLANG_WARN_ENUM_CONVERSION = YES;
				CLANG_WARN_INFINITE_RECURSION = YES;
				CLANG_WARN_INT_CONVERSION = YES;
				CLANG_WARN_NON_LITERAL_NULL_CONVERSION = YES;
				CLANG_WARN_OBJC_IMPLICIT_RETAIN_SELF = YES;
				CLANG_WARN_OBJC_LITERAL_CONVERSION = YES;
				CLANG_WARN_OBJC_ROOT_CLASS = YES_ERROR;
				CLANG_WARN_QUOTED_INCLUDE_IN_FRAMEWORK_HEADER = YES;
				CLANG_WARN_RANGE_LOOP_ANALYSIS = YES;
				CLANG_WARN_STRICT_PROTOTYPES = YES;
				CLANG_WARN_SUSPICIOUS_MOVE = YES;
				CLANG_WARN_UNGUARDED_AVAILABILITY = YES_AGGRESSIVE;
				CLANG_WARN_UNREACHABLE_CODE = YES;
				CLANG_WARN__DUPLICATE_METHOD_MATCH = YES;
				COPY_PHASE_STRIP = NO;
				DEBUG_INFORMATION_FORMAT = "dwarf-with-dsym";
				ENABLE_NS_ASSERTIONS = NO;
				ENABLE_STRICT_OBJC_MSGSEND = YES;
				GCC_C_LANGUAGE_STANDARD = gnu11;
				GCC_NO_COMMON_BLOCKS = YES;
				GCC_WARN_64_TO_32_BIT_CONVERSION = YES;
				GCC_WARN_ABOUT_RETURN_TYPE = YES_ERROR;
				GCC_WARN_UNDECLARED_SELECTOR = YES;
				GCC_WARN_UNINITIALIZED_AUTOS = YES_AGGRESSIVE;
				GCC_WARN_UNUSED_FUNCTION = YES;
				GCC_WARN_UNUSED_VARIABLE = YES;
				IPHONEOS_DEPLOYMENT_TARGET = 16.2;
				MTL_ENABLE_DEBUG_INFO = NO;
				MTL_FAST_MATH = YES;
				SDKROOT = iphoneos;
				VALIDATE_PRODUCT = YES;
			};
			name = Release;
		};
		ABA763992A1D9A7200B17333 /* Debug */ = {
			isa = XCBuildConfiguration;
			baseConfigurationReference = 9F2466C149BCB63F306DCAE5 /* Pods-FeiShu&WeChat.debug.xcconfig */;
			buildSettings = {
				ASSETCATALOG_COMPILER_APPICON_NAME = AppIcon;
				ASSETCATALOG_COMPILER_GLOBAL_ACCENT_COLOR_NAME = AccentColor;
				CODE_SIGN_ENTITLEMENTS = "FeiShu&WeChat/FeiShu&WeChat.entitlements";
				CODE_SIGN_STYLE = Automatic;
				CURRENT_PROJECT_VERSION = 1;
				DEVELOPMENT_TEAM = YGUX3LZ5M9;
				GENERATE_INFOPLIST_FILE = YES;
				INFOPLIST_FILE = "FeiShu&WeChat/Info.plist";
				INFOPLIST_KEY_UIApplicationSupportsIndirectInputEvents = YES;
				INFOPLIST_KEY_UILaunchStoryboardName = LaunchScreen;
				INFOPLIST_KEY_UIMainStoryboardFile = "";
				INFOPLIST_KEY_UISupportedInterfaceOrientations_iPad = "UIInterfaceOrientationPortrait UIInterfaceOrientationPortraitUpsideDown UIInterfaceOrientationLandscapeLeft UIInterfaceOrientationLandscapeRight";
				INFOPLIST_KEY_UISupportedInterfaceOrientations_iPhone = "UIInterfaceOrientationPortrait UIInterfaceOrientationLandscapeLeft UIInterfaceOrientationLandscapeRight";
				IPHONEOS_DEPLOYMENT_TARGET = 14.0;
				LD_RUNPATH_SEARCH_PATHS = (
					"$(inherited)",
					"@executable_path/Frameworks",
				);
				MARKETING_VERSION = 1.0;
				PRODUCT_BUNDLE_IDENTIFIER = "com.liqingsong.FeiShu-WeChat";
				PRODUCT_NAME = "$(TARGET_NAME)";
				SWIFT_EMIT_LOC_STRINGS = YES;
				TARGETED_DEVICE_FAMILY = "1,2";
			};
			name = Debug;
		};
		ABA7639A2A1D9A7200B17333 /* Release */ = {
			isa = XCBuildConfiguration;
			baseConfigurationReference = EF7444D33F9BA4ED450372A9 /* Pods-FeiShu&WeChat.release.xcconfig */;
			buildSettings = {
				ASSETCATALOG_COMPILER_APPICON_NAME = AppIcon;
				ASSETCATALOG_COMPILER_GLOBAL_ACCENT_COLOR_NAME = AccentColor;
				CODE_SIGN_ENTITLEMENTS = "FeiShu&WeChat/FeiShu&WeChat.entitlements";
				CODE_SIGN_STYLE = Automatic;
				CURRENT_PROJECT_VERSION = 1;
				DEVELOPMENT_TEAM = YGUX3LZ5M9;
				GENERATE_INFOPLIST_FILE = YES;
				INFOPLIST_FILE = "FeiShu&WeChat/Info.plist";
				INFOPLIST_KEY_UIApplicationSupportsIndirectInputEvents = YES;
				INFOPLIST_KEY_UILaunchStoryboardName = LaunchScreen;
				INFOPLIST_KEY_UIMainStoryboardFile = "";
				INFOPLIST_KEY_UISupportedInterfaceOrientations_iPad = "UIInterfaceOrientationPortrait UIInterfaceOrientationPortraitUpsideDown UIInterfaceOrientationLandscapeLeft UIInterfaceOrientationLandscapeRight";
				INFOPLIST_KEY_UISupportedInterfaceOrientations_iPhone = "UIInterfaceOrientationPortrait UIInterfaceOrientationLandscapeLeft UIInterfaceOrientationLandscapeRight";
				IPHONEOS_DEPLOYMENT_TARGET = 14.0;
				LD_RUNPATH_SEARCH_PATHS = (
					"$(inherited)",
					"@executable_path/Frameworks",
				);
				MARKETING_VERSION = 1.0;
				PRODUCT_BUNDLE_IDENTIFIER = "com.liqingsong.FeiShu-WeChat";
				PRODUCT_NAME = "$(TARGET_NAME)";
				SWIFT_EMIT_LOC_STRINGS = YES;
				TARGETED_DEVICE_FAMILY = "1,2";
			};
			name = Release;
		};
/* End XCBuildConfiguration section */

/* Begin XCConfigurationList section */
		ABA7637A2A1D9A7000B17333 /* Build configuration list for PBXProject "FeiShu&WeChat" */ = {
			isa = XCConfigurationList;
			buildConfigurations = (
				ABA763962A1D9A7200B17333 /* Debug */,
				ABA763972A1D9A7200B17333 /* Release */,
			);
			defaultConfigurationIsVisible = 0;
			defaultConfigurationName = Release;
		};
		ABA763982A1D9A7200B17333 /* Build configuration list for PBXNativeTarget "FeiShu&WeChat" */ = {
			isa = XCConfigurationList;
			buildConfigurations = (
				ABA763992A1D9A7200B17333 /* Debug */,
				ABA7639A2A1D9A7200B17333 /* Release */,
			);
			defaultConfigurationIsVisible = 0;
			defaultConfigurationName = Release;
		};
/* End XCConfigurationList section */
	};
	rootObject = ABA763772A1D9A7000B17333 /* Project object */;
}
